
Microsoft Visual Studio Solution File, Format Version 12.00
# Visual Studio Version 16
VisualStudioVersion = 16.0.30907.101
MinimumVisualStudioVersion = 10.0.40219.1
Project("{FAE04EC0-301F-11D3-BF4B-00C04F79EFBC}") = "HospitalProject", "HospitalProject\HospitalProject.csproj", "{FF4506D4-734C-4373-B09E-0AB92475F94C}"
EndProject
Global
	GlobalSection(SolutionConfigurationPlatforms) = preSolution
		Debug|Any CPU = Debug|Any CPU
		Release|Any CPU = Release|Any CPU
	EndGlobalSection
	GlobalSection(ProjectConfigurationPlatforms) = postSolution
		{FF4506D4-734C-4373-B09E-0AB92475F94C}.Debug|Any CPU.ActiveCfg = Debug|Any CPU
		{FF4506D4-734C-4373-B09E-0AB92475F94C}.Debug|Any CPU.Build.0 = Debug|Any CPU
		{FF4506D4-734C-4373-B09E-0AB92475F94C}.Release|Any CPU.ActiveCfg = Release|Any CPU
		{FF4506D4-734C-4373-B09E-0AB92475F94C}.Release|Any CPU.Build.0 = Release|Any CPU
	EndGlobalSection
	GlobalSection(SolutionProperties) = preSolution
		HideSolutionNode = FALSE
	EndGlobalSection
	GlobalSection(ExtensibilityGlobals) = postSolution
		SolutionGuid = {C34E65A6-DE20-4D09-8091-E4545D78B3A5}
	EndGlobalSection
EndGlobal
